
Microsoft Visual Studio Solution File, Format Version 12.00
# Visual Studio 15
VisualStudioVersion = 15.0.28307.136
MinimumVisualStudioVersion = 10.0.40219.1
Project("{FAE04EC0-301F-11D3-BF4B-00C04F79EFBC}") = "BookShop", "BookShop\BookShop.csproj", "{C005064C-1684-49ED-9ACC-E947FEAE223D}"
EndProject
Global
	GlobalSection(SolutionConfigurationPlatforms) = preSolution
		Debug|Any CPU = Debug|Any CPU
		Release|Any CPU = Release|Any CPU
	EndGlobalSection
	GlobalSection(ProjectConfigurationPlatforms) = postSolution
		{C005064C-1684-49ED-9ACC-E947FEAE223D}.Debug|Any CPU.ActiveCfg = Debug|Any CPU
		{C005064C-1684-49ED-9ACC-E947FEAE223D}.Debug|Any CPU.Build.0 = Debug|Any CPU
		{C005064C-1684-49ED-9ACC-E947FEAE223D}.Release|Any CPU.ActiveCfg = Release|Any CPU
		{C005064C-1684-49ED-9ACC-E947FEAE223D}.Release|Any CPU.Build.0 = Release|Any CPU
	EndGlobalSection
	GlobalSection(SolutionProperties) = preSolution
		HideSolutionNode = FALSE
	EndGlobalSection
	GlobalSection(ExtensibilityGlobals) = postSolution
		SolutionGuid = {CE07EAAA-AE30-4B13-B176-08372D4491FE}
	EndGlobalSection
EndGlobal
